
Microsoft Visual Studio Solution File, Format Version 12.00
# Visual Studio 15
VisualStudioVersion = 15.0.27703.2035
MinimumVisualStudioVersion = 10.0.40219.1
Project("{FAE04EC0-301F-11D3-BF4B-00C04F79EFBC}") = "EggsInteractiveGUI", "EggsInteractiveGUI\EggsInteractiveGUI.csproj", "{776C81AF-3A39-4B34-B0CE-176C402643AE}"
EndProject
Global
	GlobalSection(SolutionConfigurationPlatforms) = preSolution
		Debug|Any CPU = Debug|Any CPU
		Release|Any CPU = Release|Any CPU
	EndGlobalSection
	GlobalSection(ProjectConfigurationPlatforms) = postSolution
		{776C81AF-3A39-4B34-B0CE-176C402643AE}.Debug|Any CPU.ActiveCfg = Debug|Any CPU
		{776C81AF-3A39-4B34-B0CE-176C402643AE}.Debug|Any CPU.Build.0 = Debug|Any CPU
		{776C81AF-3A39-4B34-B0CE-176C402643AE}.Release|Any CPU.ActiveCfg = Release|Any CPU
		{776C81AF-3A39-4B34-B0CE-176C402643AE}.Release|Any CPU.Build.0 = Release|Any CPU
	EndGlobalSection
	GlobalSection(SolutionProperties) = preSolution
		HideSolutionNode = FALSE
	EndGlobalSection
	GlobalSection(ExtensibilityGlobals) = postSolution
		SolutionGuid = {B324B118-75A5-41CE-B1A8-8F64F7A08D9B}
	EndGlobalSection
EndGlobal
